
Microsoft Visual Studio Solution File, Format Version 12.00
# Visual Studio Version 16
VisualStudioVersion = 16.0.30804.86
MinimumVisualStudioVersion = 10.0.40219.1
Project("{9A19103F-16F7-4668-BE54-9A1E7A4F7556}") = "Common", "..\..\Back-End\WaltCommerce.Api\Common\Common.csproj", "{AE37F6F6-73DC-49E1-A9C6-4978921017B6}"
EndProject
Project("{9A19103F-16F7-4668-BE54-9A1E7A4F7556}") = "WaltCommerce.Mobile", "WaltCommerce.Mobile\WaltCommerce.Mobile\WaltCommerce.Mobile.csproj", "{D206A3D5-9B5B-44AB-8A78-B48E082F8A5A}"
EndProject
Project("{FAE04EC0-301F-11D3-BF4B-00C04F79EFBC}") = "WaltCommerce.Mobile.Android", "WaltCommerce.Mobile\WaltCommerce.Mobile.Android\WaltCommerce.Mobile.Android.csproj", "{224DE095-70AA-4875-906A-303548943B8A}"
EndProject
Project("{FAE04EC0-301F-11D3-BF4B-00C04F79EFBC}") = "WaltCommerce.Mobile.iOS", "WaltCommerce.Mobile\WaltCommerce.Mobile.iOS\WaltCommerce.Mobile.iOS.csproj", "{AD262635-98E3-4FF6-8BAB-FE8F00027206}"
EndProject
Global
	GlobalSection(SolutionConfigurationPlatforms) = preSolution
		Ad-Hoc|Any CPU = Ad-Hoc|Any CPU
		Ad-Hoc|iPhone = Ad-Hoc|iPhone
		Ad-Hoc|iPhoneSimulator = Ad-Hoc|iPhoneSimulator
		AppStore|Any CPU = AppStore|Any CPU
		AppStore|iPhone = AppStore|iPhone
		AppStore|iPhoneSimulator = AppStore|iPhoneSimulator
		Debug|Any CPU = Debug|Any CPU
		Debug|iPhone = Debug|iPhone
		Debug|iPhoneSimulator = Debug|iPhoneSimulator
		Release|Any CPU = Release|Any CPU
		Release|iPhone = Release|iPhone
		Release|iPhoneSimulator = Release|iPhoneSimulator
	EndGlobalSection
	GlobalSection(ProjectConfigurationPlatforms) = postSolution
		{AE37F6F6-73DC-49E1-A9C6-4978921017B6}.Ad-Hoc|Any CPU.ActiveCfg = Debug|Any CPU
		{AE37F6F6-73DC-49E1-A9C6-4978921017B6}.Ad-Hoc|Any CPU.Build.0 = Debug|Any CPU
		{AE37F6F6-73DC-49E1-A9C6-4978921017B6}.Ad-Hoc|iPhone.ActiveCfg = Debug|Any CPU
		{AE37F6F6-73DC-49E1-A9C6-4978921017B6}.Ad-Hoc|iPhone.Build.0 = Debug|Any CPU
		{AE37F6F6-73DC-49E1-A9C6-4978921017B6}.Ad-Hoc|iPhoneSimulator.ActiveCfg = Debug|Any CPU
		{AE37F6F6-73DC-49E1-A9C6-4978921017B6}.Ad-Hoc|iPhoneSimulator.Build.0 = Debug|Any CPU
		{AE37F6F6-73DC-49E1-A9C6-4978921017B6}.AppStore|Any CPU.ActiveCfg = Debug|Any CPU
		{AE37F6F6-73DC-49E1-A9C6-4978921017B6}.AppStore|Any CPU.Build.0 = Debug|Any CPU
		{AE37F6F6-73DC-49E1-A9C6-4978921017B6}.AppStore|iPhone.ActiveCfg = Debug|Any CPU
		{AE37F6F6-73DC-49E1-A9C6-4978921017B6}.AppStore|iPhone.Build.0 = Debug|Any CPU
		{AE37F6F6-73DC-49E1-A9C6-4978921017B6}.AppStore|iPhoneSimulator.ActiveCfg = Debug|Any CPU
		{AE37F6F6-73DC-49E1-A9C6-4978921017B6}.AppStore|iPhoneSimulator.Build.0 = Debug|Any CPU
		{AE37F6F6-73DC-49E1-A9C6-4978921017B6}.Debug|Any CPU.ActiveCfg = Debug|Any CPU
		{AE37F6F6-73DC-49E1-A9C6-4978921017B6}.Debug|Any CPU.Build.0 = Debug|Any CPU
		{AE37F6F6-73DC-49E1-A9C6-4978921017B6}.Debug|iPhone.ActiveCfg = Debug|Any CPU
		{AE37F6F6-73DC-49E1-A9C6-4978921017B6}.Debug|iPhone.Build.0 = Debug|Any CPU
		{AE37F6F6-73DC-49E1-A9C6-4978921017B6}.Debug|iPhoneSimulator.ActiveCfg = Debug|Any CPU
		{AE37F6F6-73DC-49E1-A9C6-4978921017B6}.Debug|iPhoneSimulator.Build.0 = Debug|Any CPU
		{AE37F6F6-73DC-49E1-A9C6-4978921017B6}.Release|Any CPU.ActiveCfg = Release|Any CPU
		{AE37F6F6-73DC-49E1-A9C6-4978921017B6}.Release|Any CPU.Build.0 = Release|Any CPU
		{AE37F6F6-73DC-49E1-A9C6-4978921017B6}.Release|iPhone.ActiveCfg = Release|Any CPU
		{AE37F6F6-73DC-49E1-A9C6-4978921017B6}.Release|iPhone.Build.0 = Release|Any CPU
		{AE37F6F6-73DC-49E1-A9C6-4978921017B6}.Release|iPhoneSimulator.ActiveCfg = Release|Any CPU
		{AE37F6F6-73DC-49E1-A9C6-4978921017B6}.Release|iPhoneSimulator.Build.0 = Release|Any CPU
		{D206A3D5-9B5B-44AB-8A78-B48E082F8A5A}.Ad-Hoc|Any CPU.ActiveCfg = Debug|Any CPU
		{D206A3D5-9B5B-44AB-8A78-B48E082F8A5A}.Ad-Hoc|Any CPU.Build.0 = Debug|Any CPU
		{D206A3D5-9B5B-44AB-8A78-B48E082F8A5A}.Ad-Hoc|iPhone.ActiveCfg = Debug|Any CPU
		{D206A3D5-9B5B-44AB-8A78-B48E082F8A5A}.Ad-Hoc|iPhone.Build.0 = Debug|Any CPU
		{D206A3D5-9B5B-44AB-8A78-B48E082F8A5A}.Ad-Hoc|iPhoneSimulator.ActiveCfg = Debug|Any CPU
		{D206A3D5-9B5B-44AB-8A78-B48E082F8A5A}.Ad-Hoc|iPhoneSimulator.Build.0 = Debug|Any CPU
		{D206A3D5-9B5B-44AB-8A78-B48E082F8A5A}.AppStore|Any CPU.ActiveCfg = Debug|Any CPU
		{D206A3D5-9B5B-44AB-8A78-B48E082F8A5A}.AppStore|Any CPU.Build.0 = Debug|Any CPU
		{D206A3D5-9B5B-44AB-8A78-B48E082F8A5A}.AppStore|iPhone.ActiveCfg = Debug|Any CPU
		{D206A3D5-9B5B-44AB-8A78-B48E082F8A5A}.AppStore|iPhone.Build.0 = Debug|Any CPU
		{D206A3D5-9B5B-44AB-8A78-B48E082F8A5A}.AppStore|iPhoneSimulator.ActiveCfg = Debug|Any CPU
		{D206A3D5-9B5B-44AB-8A78-B48E082F8A5A}.AppStore|iPhoneSimulator.Build.0 = Debug|Any CPU
		{D206A3D5-9B5B-44AB-8A78-B48E082F8A5A}.Debug|Any CPU.ActiveCfg = Debug|Any CPU
		{D206A3D5-9B5B-44AB-8A78-B48E082F8A5A}.Debug|Any CPU.Build.0 = Debug|Any CPU
		{D206A3D5-9B5B-44AB-8A78-B48E082F8A5A}.Debug|iPhone.ActiveCfg = Debug|Any CPU
		{D206A3D5-9B5B-44AB-8A78-B48E082F8A5A}.Debug|iPhone.Build.0 = Debug|Any CPU
		{D206A3D5-9B5B-44AB-8A78-B48E082F8A5A}.Debug|iPhoneSimulator.ActiveCfg = Debug|Any CPU
		{D206A3D5-9B5B-44AB-8A78-B48E082F8A5A}.Debug|iPhoneSimulator.Build.0 = Debug|Any CPU
		{D206A3D5-9B5B-44AB-8A78-B48E082F8A5A}.Release|Any CPU.ActiveCfg = Release|Any CPU
		{D206A3D5-9B5B-44AB-8A78-B48E082F8A5A}.Release|Any CPU.Build.0 = Release|Any CPU
		{D206A3D5-9B5B-44AB-8A78-B48E082F8A5A}.Release|iPhone.ActiveCfg = Release|Any CPU
		{D206A3D5-9B5B-44AB-8A78-B48E082F8A5A}.Release|iPhone.Build.0 = Release|Any CPU
		{D206A3D5-9B5B-44AB-8A78-B48E082F8A5A}.Release|iPhoneSimulator.ActiveCfg = Release|Any CPU
		{D206A3D5-9B5B-44AB-8A78-B48E082F8A5A}.Release|iPhoneSimulator.Build.0 = Release|Any CPU
		{224DE095-70AA-4875-906A-303548943B8A}.Ad-Hoc|Any CPU.ActiveCfg = Debug|Any CPU
		{224DE095-70AA-4875-906A-303548943B8A}.Ad-Hoc|Any CPU.Build.0 = Debug|Any CPU
		{224DE095-70AA-4875-906A-303548943B8A}.Ad-Hoc|Any CPU.Deploy.0 = Debug|Any CPU
		{224DE095-70AA-4875-906A-303548943B8A}.Ad-Hoc|iPhone.ActiveCfg = Debug|Any CPU
		{224DE095-70AA-4875-906A-303548943B8A}.Ad-Hoc|iPhone.Build.0 = Debug|Any CPU
		{224DE095-70AA-4875-906A-303548943B8A}.Ad-Hoc|iPhone.Deploy.0 = Debug|Any CPU
		{224DE095-70AA-4875-906A-303548943B8A}.Ad-Hoc|iPhoneSimulator.ActiveCfg = Debug|Any CPU
		{224DE095-70AA-4875-906A-303548943B8A}.Ad-Hoc|iPhoneSimulator.Build.0 = Debug|Any CPU
		{224DE095-70AA-4875-906A-303548943B8A}.Ad-Hoc|iPhoneSimulator.Deploy.0 = Debug|Any CPU
		{224DE095-70AA-4875-906A-303548943B8A}.AppStore|Any CPU.ActiveCfg = Debug|Any CPU
		{224DE095-70AA-4875-906A-303548943B8A}.AppStore|Any CPU.Build.0 = Debug|Any CPU
		{224DE095-70AA-4875-906A-303548943B8A}.AppStore|Any CPU.Deploy.0 = Debug|Any CPU
		{224DE095-70AA-4875-906A-303548943B8A}.AppStore|iPhone.ActiveCfg = Debug|Any CPU
		{224DE095-70AA-4875-906A-303548943B8A}.AppStore|iPhone.Build.0 = Debug|Any CPU
		{224DE095-70AA-4875-906A-303548943B8A}.AppStore|iPhone.Deploy.0 = Debug|Any CPU
		{224DE095-70AA-4875-906A-303548943B8A}.AppStore|iPhoneSimulator.ActiveCfg = Debug|Any CPU
		{224DE095-70AA-4875-906A-303548943B8A}.AppStore|iPhoneSimulator.Build.0 = Debug|Any CPU
		{224DE095-70AA-4875-906A-303548943B8A}.AppStore|iPhoneSimulator.Deploy.0 = Debug|Any CPU
		{224DE095-70AA-4875-906A-303548943B8A}.Debug|Any CPU.ActiveCfg = Debug|Any CPU
		{224DE095-70AA-4875-906A-303548943B8A}.Debug|Any CPU.Build.0 = Debug|Any CPU
		{224DE095-70AA-4875-906A-303548943B8A}.Debug|Any CPU.Deploy.0 = Debug|Any CPU
		{224DE095-70AA-4875-906A-303548943B8A}.Debug|iPhone.ActiveCfg = Debug|Any CPU
		{224DE095-70AA-4875-906A-303548943B8A}.Debug|iPhone.Build.0 = Debug|Any CPU
		{224DE095-70AA-4875-906A-303548943B8A}.Debug|iPhone.Deploy.0 = Debug|Any CPU
		{224DE095-70AA-4875-906A-303548943B8A}.Debug|iPhoneSimulator.ActiveCfg = Debug|Any CPU
		{224DE095-70AA-4875-906A-303548943B8A}.Debug|iPhoneSimulator.Build.0 = Debug|Any CPU
		{224DE095-70AA-4875-906A-303548943B8A}.Debug|iPhoneSimulator.Deploy.0 = Debug|Any CPU
		{224DE095-70AA-4875-906A-303548943B8A}.Release|Any CPU.ActiveCfg = Release|Any CPU
		{224DE095-70AA-4875-906A-303548943B8A}.Release|Any CPU.Build.0 = Release|Any CPU
		{224DE095-70AA-4875-906A-303548943B8A}.Release|Any CPU.Deploy.0 = Release|Any CPU
		{224DE095-70AA-4875-906A-303548943B8A}.Release|iPhone.ActiveCfg = Release|Any CPU
		{224DE095-70AA-4875-906A-303548943B8A}.Release|iPhone.Build.0 = Release|Any CPU
		{224DE095-70AA-4875-906A-303548943B8A}.Release|iPhone.Deploy.0 = Release|Any CPU
		{224DE095-70AA-4875-906A-303548943B8A}.Release|iPhoneSimulator.ActiveCfg = Release|Any CPU
		{224DE095-70AA-4875-906A-303548943B8A}.Release|iPhoneSimulator.Build.0 = Release|Any CPU
		{224DE095-70AA-4875-906A-303548943B8A}.Release|iPhoneSimulator.Deploy.0 = Release|Any CPU
		{AD262635-98E3-4FF6-8BAB-FE8F00027206}.Ad-Hoc|Any CPU.ActiveCfg = Ad-Hoc|iPhoneSimulator
		{AD262635-98E3-4FF6-8BAB-FE8F00027206}.Ad-Hoc|iPhone.ActiveCfg = Ad-Hoc|iPhone
		{AD262635-98E3-4FF6-8BAB-FE8F00027206}.Ad-Hoc|iPhone.Build.0 = Ad-Hoc|iPhone
		{AD262635-98E3-4FF6-8BAB-FE8F00027206}.Ad-Hoc|iPhoneSimulator.ActiveCfg = Ad-Hoc|iPhoneSimulator
		{AD262635-98E3-4FF6-8BAB-FE8F00027206}.Ad-Hoc|iPhoneSimulator.Build.0 = Ad-Hoc|iPhoneSimulator
		{AD262635-98E3-4FF6-8BAB-FE8F00027206}.AppStore|Any CPU.ActiveCfg = AppStore|iPhoneSimulator
		{AD262635-98E3-4FF6-8BAB-FE8F00027206}.AppStore|iPhone.ActiveCfg = AppStore|iPhone
		{AD262635-98E3-4FF6-8BAB-FE8F00027206}.AppStore|iPhone.Build.0 = AppStore|iPhone
		{AD262635-98E3-4FF6-8BAB-FE8F00027206}.AppStore|iPhoneSimulator.ActiveCfg = AppStore|iPhoneSimulator
		{AD262635-98E3-4FF6-8BAB-FE8F00027206}.AppStore|iPhoneSimulator.Build.0 = AppStore|iPhoneSimulator
		{AD262635-98E3-4FF6-8BAB-FE8F00027206}.Debug|Any CPU.ActiveCfg = Debug|iPhoneSimulator
		{AD262635-98E3-4FF6-8BAB-FE8F00027206}.Debug|iPhone.ActiveCfg = Debug|iPhone
		{AD262635-98E3-4FF6-8BAB-FE8F00027206}.Debug|iPhone.Build.0 = Debug|iPhone
		{AD262635-98E3-4FF6-8BAB-FE8F00027206}.Debug|iPhoneSimulator.ActiveCfg = Debug|iPhoneSimulator
		{AD262635-98E3-4FF6-8BAB-FE8F00027206}.Debug|iPhoneSimulator.Build.0 = Debug|iPhoneSimulator
		{AD262635-98E3-4FF6-8BAB-FE8F00027206}.Release|Any CPU.ActiveCfg = Release|iPhoneSimulator
		{AD262635-98E3-4FF6-8BAB-FE8F00027206}.Release|iPhone.ActiveCfg = Release|iPhone
		{AD262635-98E3-4FF6-8BAB-FE8F00027206}.Release|iPhone.Build.0 = Release|iPhone
		{AD262635-98E3-4FF6-8BAB-FE8F00027206}.Release|iPhoneSimulator.ActiveCfg = Release|iPhoneSimulator
		{AD262635-98E3-4FF6-8BAB-FE8F00027206}.Release|iPhoneSimulator.Build.0 = Release|iPhoneSimulator
	EndGlobalSection
	GlobalSection(SolutionProperties) = preSolution
		HideSolutionNode = FALSE
	EndGlobalSection
	GlobalSection(ExtensibilityGlobals) = postSolution
		RESX_NeutralResourcesLanguage = en-US
		SolutionGuid = {6C3DD58A-BF4C-42E5-8724-0DBAC775B968}
	EndGlobalSection
EndGlobal
