
Microsoft Visual Studio Solution File, Format Version 12.00
# Visual Studio Version 16
VisualStudioVersion = 16.0.30717.126
MinimumVisualStudioVersion = 10.0.40219.1
Project("{9A19103F-16F7-4668-BE54-9A1E7A4F7556}") = "DataLayer", "DataLayer\DataLayer.csproj", "{0A2B4A81-B797-4BCC-BBD5-41A03A9DC59F}"
EndProject
Project("{9A19103F-16F7-4668-BE54-9A1E7A4F7556}") = "BusinessLayer", "BussinesLayer\BusinessLayer.csproj", "{F813A108-1965-4B37-ADF4-0B1939147658}"
EndProject
Project("{9A19103F-16F7-4668-BE54-9A1E7A4F7556}") = "Common", "Common\Common.csproj", "{99755865-8DD2-4585-93BD-FBBCB6280C4C}"
EndProject
Project("{9A19103F-16F7-4668-BE54-9A1E7A4F7556}") = "WaltCommerce.Api", "WaltCommerce.Api\WaltCommerce.Api.csproj", "{5E47873C-FD73-4C28-8FAA-B094246053FC}"
EndProject
Global
	GlobalSection(SolutionConfigurationPlatforms) = preSolution
		Debug|Any CPU = Debug|Any CPU
		Release|Any CPU = Release|Any CPU
	EndGlobalSection
	GlobalSection(ProjectConfigurationPlatforms) = postSolution
		{0A2B4A81-B797-4BCC-BBD5-41A03A9DC59F}.Debug|Any CPU.ActiveCfg = Debug|Any CPU
		{0A2B4A81-B797-4BCC-BBD5-41A03A9DC59F}.Debug|Any CPU.Build.0 = Debug|Any CPU
		{0A2B4A81-B797-4BCC-BBD5-41A03A9DC59F}.Release|Any CPU.ActiveCfg = Release|Any CPU
		{0A2B4A81-B797-4BCC-BBD5-41A03A9DC59F}.Release|Any CPU.Build.0 = Release|Any CPU
		{F813A108-1965-4B37-ADF4-0B1939147658}.Debug|Any CPU.ActiveCfg = Debug|Any CPU
		{F813A108-1965-4B37-ADF4-0B1939147658}.Debug|Any CPU.Build.0 = Debug|Any CPU
		{F813A108-1965-4B37-ADF4-0B1939147658}.Release|Any CPU.ActiveCfg = Release|Any CPU
		{F813A108-1965-4B37-ADF4-0B1939147658}.Release|Any CPU.Build.0 = Release|Any CPU
		{99755865-8DD2-4585-93BD-FBBCB6280C4C}.Debug|Any CPU.ActiveCfg = Debug|Any CPU
		{99755865-8DD2-4585-93BD-FBBCB6280C4C}.Debug|Any CPU.Build.0 = Debug|Any CPU
		{99755865-8DD2-4585-93BD-FBBCB6280C4C}.Release|Any CPU.ActiveCfg = Release|Any CPU
		{99755865-8DD2-4585-93BD-FBBCB6280C4C}.Release|Any CPU.Build.0 = Release|Any CPU
		{5E47873C-FD73-4C28-8FAA-B094246053FC}.Debug|Any CPU.ActiveCfg = Debug|Any CPU
		{5E47873C-FD73-4C28-8FAA-B094246053FC}.Debug|Any CPU.Build.0 = Debug|Any CPU
		{5E47873C-FD73-4C28-8FAA-B094246053FC}.Release|Any CPU.ActiveCfg = Release|Any CPU
		{5E47873C-FD73-4C28-8FAA-B094246053FC}.Release|Any CPU.Build.0 = Release|Any CPU
	EndGlobalSection
	GlobalSection(SolutionProperties) = preSolution
		HideSolutionNode = FALSE
	EndGlobalSection
	GlobalSection(ExtensibilityGlobals) = postSolution
		SolutionGuid = {62932017-948C-4826-B86B-0D34FE084BA8}
	EndGlobalSection
EndGlobal
